
Microsoft Visual Studio Solution File, Format Version 12.00
# Visual Studio 14
VisualStudioVersion = 14.0.25420.1
MinimumVisualStudioVersion = 10.0.40219.1
Project("{FAE04EC0-301F-11D3-BF4B-00C04F79EFBC}") = "Newspapers", "Newspapers\Newspapers.csproj", "{493BB538-E658-4CEC-8D11-2D18B03AB275}"
EndProject
Project("{FAE04EC0-301F-11D3-BF4B-00C04F79EFBC}") = "PapersDbWorker", "PapersDb\PapersDb\PapersDbWorker.csproj", "{EC25EA3E-CBA4-4FE4-BC35-22EA3F7977BA}"
EndProject
Project("{FAE04EC0-301F-11D3-BF4B-00C04F79EFBC}") = "CryptA", "CryptA\CryptA.csproj", "{A98C9BD0-14AB-4884-AEDE-61DD2454B748}"
EndProject
Project("{FAE04EC0-301F-11D3-BF4B-00C04F79EFBC}") = "FormAppTest", "FormAppTest\FormAppTest.csproj", "{D839C19B-25FA-4EDE-9154-6ED69895F1AB}"
EndProject
Global
	GlobalSection(SolutionConfigurationPlatforms) = preSolution
		Debug|Any CPU = Debug|Any CPU
		Release|Any CPU = Release|Any CPU
	EndGlobalSection
	GlobalSection(ProjectConfigurationPlatforms) = postSolution
		{493BB538-E658-4CEC-8D11-2D18B03AB275}.Debug|Any CPU.ActiveCfg = Debug|Any CPU
		{493BB538-E658-4CEC-8D11-2D18B03AB275}.Debug|Any CPU.Build.0 = Debug|Any CPU
		{493BB538-E658-4CEC-8D11-2D18B03AB275}.Release|Any CPU.ActiveCfg = Release|Any CPU
		{493BB538-E658-4CEC-8D11-2D18B03AB275}.Release|Any CPU.Build.0 = Release|Any CPU
		{EC25EA3E-CBA4-4FE4-BC35-22EA3F7977BA}.Debug|Any CPU.ActiveCfg = Debug|Any CPU
		{EC25EA3E-CBA4-4FE4-BC35-22EA3F7977BA}.Debug|Any CPU.Build.0 = Debug|Any CPU
		{EC25EA3E-CBA4-4FE4-BC35-22EA3F7977BA}.Release|Any CPU.ActiveCfg = Release|Any CPU
		{EC25EA3E-CBA4-4FE4-BC35-22EA3F7977BA}.Release|Any CPU.Build.0 = Release|Any CPU
		{A98C9BD0-14AB-4884-AEDE-61DD2454B748}.Debug|Any CPU.ActiveCfg = Debug|Any CPU
		{A98C9BD0-14AB-4884-AEDE-61DD2454B748}.Debug|Any CPU.Build.0 = Debug|Any CPU
		{A98C9BD0-14AB-4884-AEDE-61DD2454B748}.Release|Any CPU.ActiveCfg = Release|Any CPU
		{A98C9BD0-14AB-4884-AEDE-61DD2454B748}.Release|Any CPU.Build.0 = Release|Any CPU
		{D839C19B-25FA-4EDE-9154-6ED69895F1AB}.Debug|Any CPU.ActiveCfg = Debug|Any CPU
		{D839C19B-25FA-4EDE-9154-6ED69895F1AB}.Debug|Any CPU.Build.0 = Debug|Any CPU
		{D839C19B-25FA-4EDE-9154-6ED69895F1AB}.Release|Any CPU.ActiveCfg = Release|Any CPU
		{D839C19B-25FA-4EDE-9154-6ED69895F1AB}.Release|Any CPU.Build.0 = Release|Any CPU
	EndGlobalSection
	GlobalSection(SolutionProperties) = preSolution
		HideSolutionNode = FALSE
	EndGlobalSection
EndGlobal
